
Microsoft Visual Studio Solution File, Format Version 12.00
# Visual Studio Version 17
VisualStudioVersion = 17.7.34202.233
MinimumVisualStudioVersion = 10.0.40219.1
Project("{9A19103F-16F7-4668-BE54-9A1E7A4F7556}") = "HackaMed", "HackaMed\HackaMed.csproj", "{BFEF0A04-932E-4418-9DA7-19746B0E45FC}"
EndProject
Project("{2150E333-8FDC-42A3-9474-1A3956D46DE8}") = "Adapter", "Adapter", "{55A70F6F-5A4D-4755-94BB-572BF1ADB72F}"
EndProject
Project("{2150E333-8FDC-42A3-9474-1A3956D46DE8}") = "Core", "Core", "{2907D31A-DC7C-47A4-8BAD-DF0950922FF6}"
EndProject
Project("{2150E333-8FDC-42A3-9474-1A3956D46DE8}") = "Tests", "Tests", "{E449A199-1620-4EB0-995D-F5F68E67BE13}"
EndProject
Project("{2150E333-8FDC-42A3-9474-1A3956D46DE8}") = "Driven", "Driven", "{397C9C45-26E6-4D33-AB9D-C4954812D2B9}"
EndProject
Project("{2150E333-8FDC-42A3-9474-1A3956D46DE8}") = "Driver", "Driver", "{B3EDB048-4126-436E-BC45-51F54E97A295}"
EndProject
Project("{9A19103F-16F7-4668-BE54-9A1E7A4F7556}") = "Infra", "Infra\Infra.csproj", "{C2FFF118-872C-4623-A396-697FB9479C5B}"
EndProject
Project("{9A19103F-16F7-4668-BE54-9A1E7A4F7556}") = "Application", "Application\Application.csproj", "{373EAC97-6B9D-4D5C-B949-A87769D008EC}"
EndProject
Project("{9A19103F-16F7-4668-BE54-9A1E7A4F7556}") = "Domain", "Domain\Domain.csproj", "{F2441F1A-2389-4C96-B9B6-9D966D21CBB9}"
EndProject
Project("{9A19103F-16F7-4668-BE54-9A1E7A4F7556}") = "HackaMedTests", "HackaMedTests\HackaMedTests.csproj", "{C62E3FCB-9893-4B99-93C4-1818708B8DD8}"
EndProject
Project("{E53339B2-1760-4266-BCC7-CA923CBCF16C}") = "docker-compose", "docker-compose.dcproj", "{13790CD9-CA4E-4025-8009-D318635D5AA3}"
EndProject
Global
	GlobalSection(SolutionConfigurationPlatforms) = preSolution
		Debug|Any CPU = Debug|Any CPU
		Release|Any CPU = Release|Any CPU
	EndGlobalSection
	GlobalSection(ProjectConfigurationPlatforms) = postSolution
		{BFEF0A04-932E-4418-9DA7-19746B0E45FC}.Debug|Any CPU.ActiveCfg = Debug|Any CPU
		{BFEF0A04-932E-4418-9DA7-19746B0E45FC}.Debug|Any CPU.Build.0 = Debug|Any CPU
		{BFEF0A04-932E-4418-9DA7-19746B0E45FC}.Release|Any CPU.ActiveCfg = Release|Any CPU
		{BFEF0A04-932E-4418-9DA7-19746B0E45FC}.Release|Any CPU.Build.0 = Release|Any CPU
		{C2FFF118-872C-4623-A396-697FB9479C5B}.Debug|Any CPU.ActiveCfg = Debug|Any CPU
		{C2FFF118-872C-4623-A396-697FB9479C5B}.Debug|Any CPU.Build.0 = Debug|Any CPU
		{C2FFF118-872C-4623-A396-697FB9479C5B}.Release|Any CPU.ActiveCfg = Release|Any CPU
		{C2FFF118-872C-4623-A396-697FB9479C5B}.Release|Any CPU.Build.0 = Release|Any CPU
		{373EAC97-6B9D-4D5C-B949-A87769D008EC}.Debug|Any CPU.ActiveCfg = Debug|Any CPU
		{373EAC97-6B9D-4D5C-B949-A87769D008EC}.Debug|Any CPU.Build.0 = Debug|Any CPU
		{373EAC97-6B9D-4D5C-B949-A87769D008EC}.Release|Any CPU.ActiveCfg = Release|Any CPU
		{373EAC97-6B9D-4D5C-B949-A87769D008EC}.Release|Any CPU.Build.0 = Release|Any CPU
		{F2441F1A-2389-4C96-B9B6-9D966D21CBB9}.Debug|Any CPU.ActiveCfg = Debug|Any CPU
		{F2441F1A-2389-4C96-B9B6-9D966D21CBB9}.Debug|Any CPU.Build.0 = Debug|Any CPU
		{F2441F1A-2389-4C96-B9B6-9D966D21CBB9}.Release|Any CPU.ActiveCfg = Release|Any CPU
		{F2441F1A-2389-4C96-B9B6-9D966D21CBB9}.Release|Any CPU.Build.0 = Release|Any CPU
		{C62E3FCB-9893-4B99-93C4-1818708B8DD8}.Debug|Any CPU.ActiveCfg = Debug|Any CPU
		{C62E3FCB-9893-4B99-93C4-1818708B8DD8}.Debug|Any CPU.Build.0 = Debug|Any CPU
		{C62E3FCB-9893-4B99-93C4-1818708B8DD8}.Release|Any CPU.ActiveCfg = Release|Any CPU
		{C62E3FCB-9893-4B99-93C4-1818708B8DD8}.Release|Any CPU.Build.0 = Release|Any CPU
		{13790CD9-CA4E-4025-8009-D318635D5AA3}.Debug|Any CPU.ActiveCfg = Debug|Any CPU
		{13790CD9-CA4E-4025-8009-D318635D5AA3}.Debug|Any CPU.Build.0 = Debug|Any CPU
		{13790CD9-CA4E-4025-8009-D318635D5AA3}.Release|Any CPU.ActiveCfg = Release|Any CPU
		{13790CD9-CA4E-4025-8009-D318635D5AA3}.Release|Any CPU.Build.0 = Release|Any CPU
	EndGlobalSection
	GlobalSection(SolutionProperties) = preSolution
		HideSolutionNode = FALSE
	EndGlobalSection
	GlobalSection(NestedProjects) = preSolution
		{BFEF0A04-932E-4418-9DA7-19746B0E45FC} = {B3EDB048-4126-436E-BC45-51F54E97A295}
		{397C9C45-26E6-4D33-AB9D-C4954812D2B9} = {55A70F6F-5A4D-4755-94BB-572BF1ADB72F}
		{B3EDB048-4126-436E-BC45-51F54E97A295} = {55A70F6F-5A4D-4755-94BB-572BF1ADB72F}
		{C2FFF118-872C-4623-A396-697FB9479C5B} = {397C9C45-26E6-4D33-AB9D-C4954812D2B9}
		{373EAC97-6B9D-4D5C-B949-A87769D008EC} = {2907D31A-DC7C-47A4-8BAD-DF0950922FF6}
		{F2441F1A-2389-4C96-B9B6-9D966D21CBB9} = {2907D31A-DC7C-47A4-8BAD-DF0950922FF6}
		{C62E3FCB-9893-4B99-93C4-1818708B8DD8} = {E449A199-1620-4EB0-995D-F5F68E67BE13}
	EndGlobalSection
	GlobalSection(ExtensibilityGlobals) = postSolution
		SolutionGuid = {B3D07B0E-9FD9-4748-AB42-C9B11D88315B}
	EndGlobalSection
EndGlobal
